# Pinned backend dependencies for reproducible installs.
#
# This lock file is intended to be generated by pip-tools:
#   python -m pip install pip-tools
#   python -m piptools compile backend/requirements.txt --output-file backend/requirements.lock
#
# If pip-tools is unavailable, continue using backend/requirements.txt.
# This file is a placeholder until a lock can be generated in a networked environment.
